# This file is automatically @generated by Cargo.
# It is not intended for manual editing.
[[package]]
name = "ansi_term"
version = "0.11.0"
source = "registry+https://github.com/rust-lang/crates.io-index"
dependencies = [
 "winapi 0.3.8 (registry+https://github.com/rust-lang/crates.io-index)",
]

[[package]]
name = "ansi_term"
version = "0.12.1"
source = "registry+https://github.com/rust-lang/crates.io-index"
dependencies = [
 "winapi 0.3.8 (registry+https://github.com/rust-lang/crates.io-index)",
]

[[package]]
name = "assert_cli"
version = "0.6.3"
source = "registry+https://github.com/rust-lang/crates.io-index"
dependencies = [
 "colored 1.9.2 (registry+https://github.com/rust-lang/crates.io-index)",
 "difference 2.0.0 (registry+https://github.com/rust-lang/crates.io-index)",
 "environment 0.1.1 (registry+https://github.com/rust-lang/crates.io-index)",
 "failure 0.1.6 (registry+https://github.com/rust-lang/crates.io-index)",
 "failure_derive 0.1.6 (registry+https://github.com/rust-lang/crates.io-index)",
 "serde_json 1.0.47 (registry+https://github.com/rust-lang/crates.io-index)",
]

[[package]]
name = "atty"
version = "0.2.14"
source = "registry+https://github.com/rust-lang/crates.io-index"
dependencies = [
 "hermit-abi 0.1.6 (registry+https://github.com/rust-lang/crates.io-index)",
 "libc 0.2.66 (registry+https://github.com/rust-lang/crates.io-index)",
 "winapi 0.3.8 (registry+https://github.com/rust-lang/crates.io-index)",
]

[[package]]
name = "autocfg"
version = "0.1.7"
source = "registry+https://github.com/rust-lang/crates.io-index"

[[package]]
name = "backtrace"
version = "0.3.44"
source = "registry+https://github.com/rust-lang/crates.io-index"
dependencies = [
 "backtrace-sys 0.1.32 (registry+https://github.com/rust-lang/crates.io-index)",
 "cfg-if 0.1.10 (registry+https://github.com/rust-lang/crates.io-index)",
 "libc 0.2.66 (registry+https://github.com/rust-lang/crates.io-index)",
 "rustc-demangle 0.1.16 (registry+https://github.com/rust-lang/crates.io-index)",
]

[[package]]
name = "backtrace-sys"
version = "0.1.32"
source = "registry+https://github.com/rust-lang/crates.io-index"
dependencies = [
 "cc 1.0.50 (registry+https://github.com/rust-lang/crates.io-index)",
 "libc 0.2.66 (registry+https://github.com/rust-lang/crates.io-index)",
]

[[package]]
name = "bitflags"
version = "1.2.1"
source = "registry+https://github.com/rust-lang/crates.io-index"

[[package]]
name = "c2-chacha"
version = "0.2.3"
source = "registry+https://github.com/rust-lang/crates.io-index"
dependencies = [
 "ppv-lite86 0.2.6 (registry+https://github.com/rust-lang/crates.io-index)",
]

[[package]]
name = "cc"
version = "1.0.50"
source = "registry+https://github.com/rust-lang/crates.io-index"

[[package]]
name = "cfg-if"
version = "0.1.10"
source = "registry+https://github.com/rust-lang/crates.io-index"

[[package]]
name = "clap"
version = "2.33.0"
source = "registry+https://github.com/rust-lang/crates.io-index"
dependencies = [
 "ansi_term 0.11.0 (registry+https://github.com/rust-lang/crates.io-index)",
 "atty 0.2.14 (registry+https://github.com/rust-lang/crates.io-index)",
 "bitflags 1.2.1 (registry+https://github.com/rust-lang/crates.io-index)",
 "strsim 0.8.0 (registry+https://github.com/rust-lang/crates.io-index)",
 "textwrap 0.11.0 (registry+https://github.com/rust-lang/crates.io-index)",
 "unicode-width 0.1.7 (registry+https://github.com/rust-lang/crates.io-index)",
 "vec_map 0.8.1 (registry+https://github.com/rust-lang/crates.io-index)",
]

[[package]]
name = "colored"
version = "1.9.2"
source = "registry+https://github.com/rust-lang/crates.io-index"
dependencies = [
 "atty 0.2.14 (registry+https://github.com/rust-lang/crates.io-index)",
 "lazy_static 1.4.0 (registry+https://github.com/rust-lang/crates.io-index)",
 "winapi 0.3.8 (registry+https://github.com/rust-lang/crates.io-index)",
]

[[package]]
name = "crossbeam"
version = "0.7.3"
source = "registry+https://github.com/rust-lang/crates.io-index"
dependencies = [
 "cfg-if 0.1.10 (registry+https://github.com/rust-lang/crates.io-index)",
 "crossbeam-channel 0.4.0 (registry+https://github.com/rust-lang/crates.io-index)",
 "crossbeam-deque 0.7.2 (registry+https://github.com/rust-lang/crates.io-index)",
 "crossbeam-epoch 0.8.0 (registry+https://github.com/rust-lang/crates.io-index)",
 "crossbeam-queue 0.2.1 (registry+https://github.com/rust-lang/crates.io-index)",
 "crossbeam-utils 0.7.0 (registry+https://github.com/rust-lang/crates.io-index)",
]

[[package]]
name = "crossbeam-channel"
version = "0.4.0"
source = "registry+https://github.com/rust-lang/crates.io-index"
dependencies = [
 "crossbeam-utils 0.7.0 (registry+https://github.com/rust-lang/crates.io-index)",
]

[[package]]
name = "crossbeam-deque"
version = "0.7.2"
source = "registry+https://github.com/rust-lang/crates.io-index"
dependencies = [
 "crossbeam-epoch 0.8.0 (registry+https://github.com/rust-lang/crates.io-index)",
 "crossbeam-utils 0.7.0 (registry+https://github.com/rust-lang/crates.io-index)",
]

[[package]]
name = "crossbeam-epoch"
version = "0.8.0"
source = "registry+https://github.com/rust-lang/crates.io-index"
dependencies = [
 "autocfg 0.1.7 (registry+https://github.com/rust-lang/crates.io-index)",
 "cfg-if 0.1.10 (registry+https://github.com/rust-lang/crates.io-index)",
 "crossbeam-utils 0.7.0 (registry+https://github.com/rust-lang/crates.io-index)",
 "lazy_static 1.4.0 (registry+https://github.com/rust-lang/crates.io-index)",
 "memoffset 0.5.3 (registry+https://github.com/rust-lang/crates.io-index)",
 "scopeguard 1.0.0 (registry+https://github.com/rust-lang/crates.io-index)",
]

[[package]]
name = "crossbeam-queue"
version = "0.2.1"
source = "registry+https://github.com/rust-lang/crates.io-index"
dependencies = [
 "cfg-if 0.1.10 (registry+https://github.com/rust-lang/crates.io-index)",
 "crossbeam-utils 0.7.0 (registry+https://github.com/rust-lang/crates.io-index)",
]

[[package]]
name = "crossbeam-utils"
version = "0.7.0"
source = "registry+https://github.com/rust-lang/crates.io-index"
dependencies = [
 "autocfg 0.1.7 (registry+https://github.com/rust-lang/crates.io-index)",
 "cfg-if 0.1.10 (registry+https://github.com/rust-lang/crates.io-index)",
 "lazy_static 1.4.0 (registry+https://github.com/rust-lang/crates.io-index)",
]

[[package]]
name = "difference"
version = "2.0.0"
source = "registry+https://github.com/rust-lang/crates.io-index"

[[package]]
name = "du-dust"
version = "0.5.0"
dependencies = [
 "ansi_term 0.12.1 (registry+https://github.com/rust-lang/crates.io-index)",
 "assert_cli 0.6.3 (registry+https://github.com/rust-lang/crates.io-index)",
 "clap 2.33.0 (registry+https://github.com/rust-lang/crates.io-index)",
 "jwalk 0.4.0 (registry+https://github.com/rust-lang/crates.io-index)",
 "lscolors 0.6.0 (registry+https://github.com/rust-lang/crates.io-index)",
 "num_cpus 1.12.0 (registry+https://github.com/rust-lang/crates.io-index)",
 "tempfile 3.1.0 (registry+https://github.com/rust-lang/crates.io-index)",
 "terminal_size 0.1.10 (registry+https://github.com/rust-lang/crates.io-index)",
 "unicode-width 0.1.7 (registry+https://github.com/rust-lang/crates.io-index)",
 "winapi-util 0.1.3 (registry+https://github.com/rust-lang/crates.io-index)",
]

[[package]]
name = "either"
version = "1.5.3"
source = "registry+https://github.com/rust-lang/crates.io-index"

[[package]]
name = "environment"
version = "0.1.1"
source = "registry+https://github.com/rust-lang/crates.io-index"

[[package]]
name = "failure"
version = "0.1.6"
source = "registry+https://github.com/rust-lang/crates.io-index"
dependencies = [
 "backtrace 0.3.44 (registry+https://github.com/rust-lang/crates.io-index)",
 "failure_derive 0.1.6 (registry+https://github.com/rust-lang/crates.io-index)",
]

[[package]]
name = "failure_derive"
version = "0.1.6"
source = "registry+https://github.com/rust-lang/crates.io-index"
dependencies = [
 "proc-macro2 1.0.8 (registry+https://github.com/rust-lang/crates.io-index)",
 "quote 1.0.2 (registry+https://github.com/rust-lang/crates.io-index)",
 "syn 1.0.14 (registry+https://github.com/rust-lang/crates.io-index)",
 "synstructure 0.12.3 (registry+https://github.com/rust-lang/crates.io-index)",
]

[[package]]
name = "getrandom"
version = "0.1.14"
source = "registry+https://github.com/rust-lang/crates.io-index"
dependencies = [
 "cfg-if 0.1.10 (registry+https://github.com/rust-lang/crates.io-index)",
 "libc 0.2.66 (registry+https://github.com/rust-lang/crates.io-index)",
 "wasi 0.9.0+wasi-snapshot-preview1 (registry+https://github.com/rust-lang/crates.io-index)",
]

[[package]]
name = "hermit-abi"
version = "0.1.6"
source = "registry+https://github.com/rust-lang/crates.io-index"
dependencies = [
 "libc 0.2.66 (registry+https://github.com/rust-lang/crates.io-index)",
]

[[package]]
name = "itoa"
version = "0.4.5"
source = "registry+https://github.com/rust-lang/crates.io-index"

[[package]]
name = "jwalk"
version = "0.4.0"
source = "registry+https://github.com/rust-lang/crates.io-index"
dependencies = [
 "crossbeam 0.7.3 (registry+https://github.com/rust-lang/crates.io-index)",
 "rayon 1.3.0 (registry+https://github.com/rust-lang/crates.io-index)",
]

[[package]]
name = "lazy_static"
version = "1.4.0"
source = "registry+https://github.com/rust-lang/crates.io-index"

[[package]]
name = "libc"
version = "0.2.66"
source = "registry+https://github.com/rust-lang/crates.io-index"

[[package]]
name = "lscolors"
version = "0.6.0"
source = "registry+https://github.com/rust-lang/crates.io-index"
dependencies = [
 "ansi_term 0.12.1 (registry+https://github.com/rust-lang/crates.io-index)",
]

[[package]]
name = "memoffset"
version = "0.5.3"
source = "registry+https://github.com/rust-lang/crates.io-index"
dependencies = [
 "rustc_version 0.2.3 (registry+https://github.com/rust-lang/crates.io-index)",
]

[[package]]
name = "num_cpus"
version = "1.12.0"
source = "registry+https://github.com/rust-lang/crates.io-index"
dependencies = [
 "hermit-abi 0.1.6 (registry+https://github.com/rust-lang/crates.io-index)",
 "libc 0.2.66 (registry+https://github.com/rust-lang/crates.io-index)",
]

[[package]]
name = "ppv-lite86"
version = "0.2.6"
source = "registry+https://github.com/rust-lang/crates.io-index"

[[package]]
name = "proc-macro2"
version = "1.0.8"
source = "registry+https://github.com/rust-lang/crates.io-index"
dependencies = [
 "unicode-xid 0.2.0 (registry+https://github.com/rust-lang/crates.io-index)",
]

[[package]]
name = "quote"
version = "1.0.2"
source = "registry+https://github.com/rust-lang/crates.io-index"
dependencies = [
 "proc-macro2 1.0.8 (registry+https://github.com/rust-lang/crates.io-index)",
]

[[package]]
name = "rand"
version = "0.7.3"
source = "registry+https://github.com/rust-lang/crates.io-index"
dependencies = [
 "getrandom 0.1.14 (registry+https://github.com/rust-lang/crates.io-index)",
 "libc 0.2.66 (registry+https://github.com/rust-lang/crates.io-index)",
 "rand_chacha 0.2.1 (registry+https://github.com/rust-lang/crates.io-index)",
 "rand_core 0.5.1 (registry+https://github.com/rust-lang/crates.io-index)",
 "rand_hc 0.2.0 (registry+https://github.com/rust-lang/crates.io-index)",
]

[[package]]
name = "rand_chacha"
version = "0.2.1"
source = "registry+https://github.com/rust-lang/crates.io-index"
dependencies = [
 "c2-chacha 0.2.3 (registry+https://github.com/rust-lang/crates.io-index)",
 "rand_core 0.5.1 (registry+https://github.com/rust-lang/crates.io-index)",
]

[[package]]
name = "rand_core"
version = "0.5.1"
source = "registry+https://github.com/rust-lang/crates.io-index"
dependencies = [
 "getrandom 0.1.14 (registry+https://github.com/rust-lang/crates.io-index)",
]

[[package]]
name = "rand_hc"
version = "0.2.0"
source = "registry+https://github.com/rust-lang/crates.io-index"
dependencies = [
 "rand_core 0.5.1 (registry+https://github.com/rust-lang/crates.io-index)",
]

[[package]]
name = "rayon"
version = "1.3.0"
source = "registry+https://github.com/rust-lang/crates.io-index"
dependencies = [
 "crossbeam-deque 0.7.2 (registry+https://github.com/rust-lang/crates.io-index)",
 "either 1.5.3 (registry+https://github.com/rust-lang/crates.io-index)",
 "rayon-core 1.7.0 (registry+https://github.com/rust-lang/crates.io-index)",
]

[[package]]
name = "rayon-core"
version = "1.7.0"
source = "registry+https://github.com/rust-lang/crates.io-index"
dependencies = [
 "crossbeam-deque 0.7.2 (registry+https://github.com/rust-lang/crates.io-index)",
 "crossbeam-queue 0.2.1 (registry+https://github.com/rust-lang/crates.io-index)",
 "crossbeam-utils 0.7.0 (registry+https://github.com/rust-lang/crates.io-index)",
 "lazy_static 1.4.0 (registry+https://github.com/rust-lang/crates.io-index)",
 "num_cpus 1.12.0 (registry+https://github.com/rust-lang/crates.io-index)",
]

[[package]]
name = "redox_syscall"
version = "0.1.56"
source = "registry+https://github.com/rust-lang/crates.io-index"

[[package]]
name = "remove_dir_all"
version = "0.5.2"
source = "registry+https://github.com/rust-lang/crates.io-index"
dependencies = [
 "winapi 0.3.8 (registry+https://github.com/rust-lang/crates.io-index)",
]

[[package]]
name = "rustc-demangle"
version = "0.1.16"
source = "registry+https://github.com/rust-lang/crates.io-index"

[[package]]
name = "rustc_version"
version = "0.2.3"
source = "registry+https://github.com/rust-lang/crates.io-index"
dependencies = [
 "semver 0.9.0 (registry+https://github.com/rust-lang/crates.io-index)",
]

[[package]]
name = "ryu"
version = "1.0.2"
source = "registry+https://github.com/rust-lang/crates.io-index"

[[package]]
name = "scopeguard"
version = "1.0.0"
source = "registry+https://github.com/rust-lang/crates.io-index"

[[package]]
name = "semver"
version = "0.9.0"
source = "registry+https://github.com/rust-lang/crates.io-index"
dependencies = [
 "semver-parser 0.7.0 (registry+https://github.com/rust-lang/crates.io-index)",
]

[[package]]
name = "semver-parser"
version = "0.7.0"
source = "registry+https://github.com/rust-lang/crates.io-index"

[[package]]
name = "serde"
version = "1.0.104"
source = "registry+https://github.com/rust-lang/crates.io-index"

[[package]]
name = "serde_json"
version = "1.0.47"
source = "registry+https://github.com/rust-lang/crates.io-index"
dependencies = [
 "itoa 0.4.5 (registry+https://github.com/rust-lang/crates.io-index)",
 "ryu 1.0.2 (registry+https://github.com/rust-lang/crates.io-index)",
 "serde 1.0.104 (registry+https://github.com/rust-lang/crates.io-index)",
]

[[package]]
name = "strsim"
version = "0.8.0"
source = "registry+https://github.com/rust-lang/crates.io-index"

[[package]]
name = "syn"
version = "1.0.14"
source = "registry+https://github.com/rust-lang/crates.io-index"
dependencies = [
 "proc-macro2 1.0.8 (registry+https://github.com/rust-lang/crates.io-index)",
 "quote 1.0.2 (registry+https://github.com/rust-lang/crates.io-index)",
 "unicode-xid 0.2.0 (registry+https://github.com/rust-lang/crates.io-index)",
]

[[package]]
name = "synstructure"
version = "0.12.3"
source = "registry+https://github.com/rust-lang/crates.io-index"
dependencies = [
 "proc-macro2 1.0.8 (registry+https://github.com/rust-lang/crates.io-index)",
 "quote 1.0.2 (registry+https://github.com/rust-lang/crates.io-index)",
 "syn 1.0.14 (registry+https://github.com/rust-lang/crates.io-index)",
 "unicode-xid 0.2.0 (registry+https://github.com/rust-lang/crates.io-index)",
]

[[package]]
name = "tempfile"
version = "3.1.0"
source = "registry+https://github.com/rust-lang/crates.io-index"
dependencies = [
 "cfg-if 0.1.10 (registry+https://github.com/rust-lang/crates.io-index)",
 "libc 0.2.66 (registry+https://github.com/rust-lang/crates.io-index)",
 "rand 0.7.3 (registry+https://github.com/rust-lang/crates.io-index)",
 "redox_syscall 0.1.56 (registry+https://github.com/rust-lang/crates.io-index)",
 "remove_dir_all 0.5.2 (registry+https://github.com/rust-lang/crates.io-index)",
 "winapi 0.3.8 (registry+https://github.com/rust-lang/crates.io-index)",
]

[[package]]
name = "terminal_size"
version = "0.1.10"
source = "registry+https://github.com/rust-lang/crates.io-index"
dependencies = [
 "libc 0.2.66 (registry+https://github.com/rust-lang/crates.io-index)",
 "winapi 0.3.8 (registry+https://github.com/rust-lang/crates.io-index)",
]

[[package]]
name = "textwrap"
version = "0.11.0"
source = "registry+https://github.com/rust-lang/crates.io-index"
dependencies = [
 "unicode-width 0.1.7 (registry+https://github.com/rust-lang/crates.io-index)",
]

[[package]]
name = "unicode-width"
version = "0.1.7"
source = "registry+https://github.com/rust-lang/crates.io-index"

[[package]]
name = "unicode-xid"
version = "0.2.0"
source = "registry+https://github.com/rust-lang/crates.io-index"

[[package]]
name = "vec_map"
version = "0.8.1"
source = "registry+https://github.com/rust-lang/crates.io-index"

[[package]]
name = "wasi"
version = "0.9.0+wasi-snapshot-preview1"
source = "registry+https://github.com/rust-lang/crates.io-index"

[[package]]
name = "winapi"
version = "0.3.8"
source = "registry+https://github.com/rust-lang/crates.io-index"
dependencies = [
 "winapi-i686-pc-windows-gnu 0.4.0 (registry+https://github.com/rust-lang/crates.io-index)",
 "winapi-x86_64-pc-windows-gnu 0.4.0 (registry+https://github.com/rust-lang/crates.io-index)",
]

[[package]]
name = "winapi-i686-pc-windows-gnu"
version = "0.4.0"
source = "registry+https://github.com/rust-lang/crates.io-index"

[[package]]
name = "winapi-util"
version = "0.1.3"
source = "registry+https://github.com/rust-lang/crates.io-index"
dependencies = [
 "winapi 0.3.8 (registry+https://github.com/rust-lang/crates.io-index)",
]

[[package]]
name = "winapi-x86_64-pc-windows-gnu"
version = "0.4.0"
source = "registry+https://github.com/rust-lang/crates.io-index"

[metadata]
"checksum ansi_term 0.11.0 (registry+https://github.com/rust-lang/crates.io-index)" = "ee49baf6cb617b853aa8d93bf420db2383fab46d314482ca2803b40d5fde979b"
"checksum ansi_term 0.12.1 (registry+https://github.com/rust-lang/crates.io-index)" = "d52a9bb7ec0cf484c551830a7ce27bd20d67eac647e1befb56b0be4ee39a55d2"
"checksum assert_cli 0.6.3 (registry+https://github.com/rust-lang/crates.io-index)" = "a29ab7c0ed62970beb0534d637a8688842506d0ff9157de83286dacd065c8149"
"checksum atty 0.2.14 (registry+https://github.com/rust-lang/crates.io-index)" = "d9b39be18770d11421cdb1b9947a45dd3f37e93092cbf377614828a319d5fee8"
"checksum autocfg 0.1.7 (registry+https://github.com/rust-lang/crates.io-index)" = "1d49d90015b3c36167a20fe2810c5cd875ad504b39cff3d4eae7977e6b7c1cb2"
"checksum backtrace 0.3.44 (registry+https://github.com/rust-lang/crates.io-index)" = "e4036b9bf40f3cf16aba72a3d65e8a520fc4bafcdc7079aea8f848c58c5b5536"
"checksum backtrace-sys 0.1.32 (registry+https://github.com/rust-lang/crates.io-index)" = "5d6575f128516de27e3ce99689419835fce9643a9b215a14d2b5b685be018491"
"checksum bitflags 1.2.1 (registry+https://github.com/rust-lang/crates.io-index)" = "cf1de2fe8c75bc145a2f577add951f8134889b4795d47466a54a5c846d691693"
"checksum c2-chacha 0.2.3 (registry+https://github.com/rust-lang/crates.io-index)" = "214238caa1bf3a496ec3392968969cab8549f96ff30652c9e56885329315f6bb"
"checksum cc 1.0.50 (registry+https://github.com/rust-lang/crates.io-index)" = "95e28fa049fda1c330bcf9d723be7663a899c4679724b34c81e9f5a326aab8cd"
"checksum cfg-if 0.1.10 (registry+https://github.com/rust-lang/crates.io-index)" = "4785bdd1c96b2a846b2bd7cc02e86b6b3dbf14e7e53446c4f54c92a361040822"
"checksum clap 2.33.0 (registry+https://github.com/rust-lang/crates.io-index)" = "5067f5bb2d80ef5d68b4c87db81601f0b75bca627bc2ef76b141d7b846a3c6d9"
"checksum colored 1.9.2 (registry+https://github.com/rust-lang/crates.io-index)" = "8815e2ab78f3a59928fc32e141fbeece88320a240e43f47b2fd64ea3a88a5b3d"
"checksum crossbeam 0.7.3 (registry+https://github.com/rust-lang/crates.io-index)" = "69323bff1fb41c635347b8ead484a5ca6c3f11914d784170b158d8449ab07f8e"
"checksum crossbeam-channel 0.4.0 (registry+https://github.com/rust-lang/crates.io-index)" = "acec9a3b0b3559f15aee4f90746c4e5e293b701c0f7d3925d24e01645267b68c"
"checksum crossbeam-deque 0.7.2 (registry+https://github.com/rust-lang/crates.io-index)" = "c3aa945d63861bfe624b55d153a39684da1e8c0bc8fba932f7ee3a3c16cea3ca"
"checksum crossbeam-epoch 0.8.0 (registry+https://github.com/rust-lang/crates.io-index)" = "5064ebdbf05ce3cb95e45c8b086f72263f4166b29b97f6baff7ef7fe047b55ac"
"checksum crossbeam-queue 0.2.1 (registry+https://github.com/rust-lang/crates.io-index)" = "c695eeca1e7173472a32221542ae469b3e9aac3a4fc81f7696bcad82029493db"
"checksum crossbeam-utils 0.7.0 (registry+https://github.com/rust-lang/crates.io-index)" = "ce446db02cdc3165b94ae73111e570793400d0794e46125cc4056c81cbb039f4"
"checksum difference 2.0.0 (registry+https://github.com/rust-lang/crates.io-index)" = "524cbf6897b527295dff137cec09ecf3a05f4fddffd7dfcd1585403449e74198"
"checksum either 1.5.3 (registry+https://github.com/rust-lang/crates.io-index)" = "bb1f6b1ce1c140482ea30ddd3335fc0024ac7ee112895426e0a629a6c20adfe3"
"checksum environment 0.1.1 (registry+https://github.com/rust-lang/crates.io-index)" = "1f4b14e20978669064c33b4c1e0fb4083412e40fe56cbea2eae80fd7591503ee"
"checksum failure 0.1.6 (registry+https://github.com/rust-lang/crates.io-index)" = "f8273f13c977665c5db7eb2b99ae520952fe5ac831ae4cd09d80c4c7042b5ed9"
"checksum failure_derive 0.1.6 (registry+https://github.com/rust-lang/crates.io-index)" = "0bc225b78e0391e4b8683440bf2e63c2deeeb2ce5189eab46e2b68c6d3725d08"
"checksum getrandom 0.1.14 (registry+https://github.com/rust-lang/crates.io-index)" = "7abc8dd8451921606d809ba32e95b6111925cd2906060d2dcc29c070220503eb"
"checksum hermit-abi 0.1.6 (registry+https://github.com/rust-lang/crates.io-index)" = "eff2656d88f158ce120947499e971d743c05dbcbed62e5bd2f38f1698bbc3772"
"checksum itoa 0.4.5 (registry+https://github.com/rust-lang/crates.io-index)" = "b8b7a7c0c47db5545ed3fef7468ee7bb5b74691498139e4b3f6a20685dc6dd8e"
"checksum jwalk 0.4.0 (registry+https://github.com/rust-lang/crates.io-index)" = "2b3dbf0a8f61baee43a2918ff50ac6a2d3b2c105bc08ed53bc298779f1263409"
"checksum lazy_static 1.4.0 (registry+https://github.com/rust-lang/crates.io-index)" = "e2abad23fbc42b3700f2f279844dc832adb2b2eb069b2df918f455c4e18cc646"
"checksum libc 0.2.66 (registry+https://github.com/rust-lang/crates.io-index)" = "d515b1f41455adea1313a4a2ac8a8a477634fbae63cc6100e3aebb207ce61558"
"checksum lscolors 0.6.0 (registry+https://github.com/rust-lang/crates.io-index)" = "ea3b3414b2d015c4fd689815f2551797f3c2296bb241dd709c7da233ec7cba4b"
"checksum memoffset 0.5.3 (registry+https://github.com/rust-lang/crates.io-index)" = "75189eb85871ea5c2e2c15abbdd541185f63b408415e5051f5cac122d8c774b9"
"checksum num_cpus 1.12.0 (registry+https://github.com/rust-lang/crates.io-index)" = "46203554f085ff89c235cd12f7075f3233af9b11ed7c9e16dfe2560d03313ce6"
"checksum ppv-lite86 0.2.6 (registry+https://github.com/rust-lang/crates.io-index)" = "74490b50b9fbe561ac330df47c08f3f33073d2d00c150f719147d7c54522fa1b"
"checksum proc-macro2 1.0.8 (registry+https://github.com/rust-lang/crates.io-index)" = "3acb317c6ff86a4e579dfa00fc5e6cca91ecbb4e7eb2df0468805b674eb88548"
"checksum quote 1.0.2 (registry+https://github.com/rust-lang/crates.io-index)" = "053a8c8bcc71fcce321828dc897a98ab9760bef03a4fc36693c231e5b3216cfe"
"checksum rand 0.7.3 (registry+https://github.com/rust-lang/crates.io-index)" = "6a6b1679d49b24bbfe0c803429aa1874472f50d9b363131f0e89fc356b544d03"
"checksum rand_chacha 0.2.1 (registry+https://github.com/rust-lang/crates.io-index)" = "03a2a90da8c7523f554344f921aa97283eadf6ac484a6d2a7d0212fa7f8d6853"
"checksum rand_core 0.5.1 (registry+https://github.com/rust-lang/crates.io-index)" = "90bde5296fc891b0cef12a6d03ddccc162ce7b2aff54160af9338f8d40df6d19"
"checksum rand_hc 0.2.0 (registry+https://github.com/rust-lang/crates.io-index)" = "ca3129af7b92a17112d59ad498c6f81eaf463253766b90396d39ea7a39d6613c"
"checksum rayon 1.3.0 (registry+https://github.com/rust-lang/crates.io-index)" = "db6ce3297f9c85e16621bb8cca38a06779ffc31bb8184e1be4bed2be4678a098"
"checksum rayon-core 1.7.0 (registry+https://github.com/rust-lang/crates.io-index)" = "08a89b46efaf957e52b18062fb2f4660f8b8a4dde1807ca002690868ef2c85a9"
"checksum redox_syscall 0.1.56 (registry+https://github.com/rust-lang/crates.io-index)" = "2439c63f3f6139d1b57529d16bc3b8bb855230c8efcc5d3a896c8bea7c3b1e84"
"checksum remove_dir_all 0.5.2 (registry+https://github.com/rust-lang/crates.io-index)" = "4a83fa3702a688b9359eccba92d153ac33fd2e8462f9e0e3fdf155239ea7792e"
"checksum rustc-demangle 0.1.16 (registry+https://github.com/rust-lang/crates.io-index)" = "4c691c0e608126e00913e33f0ccf3727d5fc84573623b8d65b2df340b5201783"
"checksum rustc_version 0.2.3 (registry+https://github.com/rust-lang/crates.io-index)" = "138e3e0acb6c9fb258b19b67cb8abd63c00679d2851805ea151465464fe9030a"
"checksum ryu 1.0.2 (registry+https://github.com/rust-lang/crates.io-index)" = "bfa8506c1de11c9c4e4c38863ccbe02a305c8188e85a05a784c9e11e1c3910c8"
"checksum scopeguard 1.0.0 (registry+https://github.com/rust-lang/crates.io-index)" = "b42e15e59b18a828bbf5c58ea01debb36b9b096346de35d941dcb89009f24a0d"
"checksum semver 0.9.0 (registry+https://github.com/rust-lang/crates.io-index)" = "1d7eb9ef2c18661902cc47e535f9bc51b78acd254da71d375c2f6720d9a40403"
"checksum semver-parser 0.7.0 (registry+https://github.com/rust-lang/crates.io-index)" = "388a1df253eca08550bef6c72392cfe7c30914bf41df5269b68cbd6ff8f570a3"
"checksum serde 1.0.104 (registry+https://github.com/rust-lang/crates.io-index)" = "414115f25f818d7dfccec8ee535d76949ae78584fc4f79a6f45a904bf8ab4449"
"checksum serde_json 1.0.47 (registry+https://github.com/rust-lang/crates.io-index)" = "15913895b61e0be854afd32fd4163fcd2a3df34142cf2cb961b310ce694cbf90"
"checksum strsim 0.8.0 (registry+https://github.com/rust-lang/crates.io-index)" = "8ea5119cdb4c55b55d432abb513a0429384878c15dde60cc77b1c99de1a95a6a"
"checksum syn 1.0.14 (registry+https://github.com/rust-lang/crates.io-index)" = "af6f3550d8dff9ef7dc34d384ac6f107e5d31c8f57d9f28e0081503f547ac8f5"
"checksum synstructure 0.12.3 (registry+https://github.com/rust-lang/crates.io-index)" = "67656ea1dc1b41b1451851562ea232ec2e5a80242139f7e679ceccfb5d61f545"
"checksum tempfile 3.1.0 (registry+https://github.com/rust-lang/crates.io-index)" = "7a6e24d9338a0a5be79593e2fa15a648add6138caa803e2d5bc782c371732ca9"
"checksum terminal_size 0.1.10 (registry+https://github.com/rust-lang/crates.io-index)" = "e25a60e3024df9029a414be05f46318a77c22538861a22170077d0388c0e926e"
"checksum textwrap 0.11.0 (registry+https://github.com/rust-lang/crates.io-index)" = "d326610f408c7a4eb6f51c37c330e496b08506c9457c9d34287ecc38809fb060"
"checksum unicode-width 0.1.7 (registry+https://github.com/rust-lang/crates.io-index)" = "caaa9d531767d1ff2150b9332433f32a24622147e5ebb1f26409d5da67afd479"
"checksum unicode-xid 0.2.0 (registry+https://github.com/rust-lang/crates.io-index)" = "826e7639553986605ec5979c7dd957c7895e93eabed50ab2ffa7f6128a75097c"
"checksum vec_map 0.8.1 (registry+https://github.com/rust-lang/crates.io-index)" = "05c78687fb1a80548ae3250346c3db86a80a7cdd77bda190189f2d0a0987c81a"
"checksum wasi 0.9.0+wasi-snapshot-preview1 (registry+https://github.com/rust-lang/crates.io-index)" = "cccddf32554fecc6acb585f82a32a72e28b48f8c4c1883ddfeeeaa96f7d8e519"
"checksum winapi 0.3.8 (registry+https://github.com/rust-lang/crates.io-index)" = "8093091eeb260906a183e6ae1abdba2ef5ef2257a21801128899c3fc699229c6"
"checksum winapi-i686-pc-windows-gnu 0.4.0 (registry+https://github.com/rust-lang/crates.io-index)" = "ac3b87c63620426dd9b991e5ce0329eff545bccbbb34f3be09ff6fb6ab51b7b6"
"checksum winapi-util 0.1.3 (registry+https://github.com/rust-lang/crates.io-index)" = "4ccfbf554c6ad11084fb7517daca16cfdcaccbdadba4fc336f032a8b12c2ad80"
"checksum winapi-x86_64-pc-windows-gnu 0.4.0 (registry+https://github.com/rust-lang/crates.io-index)" = "712e227841d057c1ee1cd2fb22fa7e5a5461ae8e48fa2ca79ec42cfc1931183f"
